
Microsoft Visual Studio Solution File, Format Version 12.00
# Visual Studio Version 17
VisualStudioVersion = 17.0.32014.148
MinimumVisualStudioVersion = 10.0.40219.1
Project("{FAE04EC0-301F-11D3-BF4B-00C04F79EFBC}") = "PrimeraAPI", "PrimeraAPI\PrimeraAPI.csproj", "{573CC4D2-265E-47CB-AA85-DD3CB323B362}"
EndProject
Global
	GlobalSection(SolutionConfigurationPlatforms) = preSolution
		Debug|Any CPU = Debug|Any CPU
		Release|Any CPU = Release|Any CPU
	EndGlobalSection
	GlobalSection(ProjectConfigurationPlatforms) = postSolution
		{573CC4D2-265E-47CB-AA85-DD3CB323B362}.Debug|Any CPU.ActiveCfg = Debug|Any CPU
		{573CC4D2-265E-47CB-AA85-DD3CB323B362}.Debug|Any CPU.Build.0 = Debug|Any CPU
		{573CC4D2-265E-47CB-AA85-DD3CB323B362}.Release|Any CPU.ActiveCfg = Release|Any CPU
		{573CC4D2-265E-47CB-AA85-DD3CB323B362}.Release|Any CPU.Build.0 = Release|Any CPU
	EndGlobalSection
	GlobalSection(SolutionProperties) = preSolution
		HideSolutionNode = FALSE
	EndGlobalSection
	GlobalSection(ExtensibilityGlobals) = postSolution
		SolutionGuid = {22F08959-64F7-402D-88CE-6D078B472C68}
	EndGlobalSection
EndGlobal
